
Microsoft Visual Studio Solution File, Format Version 12.00
# Visual Studio 15
Project("{FAE04EC0-301F-11D3-BF4B-00C04F79EFBC}") = "Assembly-CSharp", "Assembly-CSharp.csproj", "{A07CB813-4746-10B5-B84A-18F6C97388A1}"
EndProject
Project("{FAE04EC0-301F-11D3-BF4B-00C04F79EFBC}") = "Assembly-CSharp-Editor", "Assembly-CSharp-Editor.csproj", "{2067251A-D8FF-8933-5994-A9AB303563BE}"
EndProject
Global
	GlobalSection(SolutionConfigurationPlatforms) = preSolution
		Debug|Any CPU = Debug|Any CPU
		Release|Any CPU = Release|Any CPU
	EndGlobalSection
	GlobalSection(ProjectConfigurationPlatforms) = postSolution
		{A07CB813-4746-10B5-B84A-18F6C97388A1}.Debug|Any CPU.ActiveCfg = Debug|Any CPU
		{A07CB813-4746-10B5-B84A-18F6C97388A1}.Debug|Any CPU.Build.0 = Debug|Any CPU
		{A07CB813-4746-10B5-B84A-18F6C97388A1}.Release|Any CPU.ActiveCfg = Release|Any CPU
		{A07CB813-4746-10B5-B84A-18F6C97388A1}.Release|Any CPU.Build.0 = Release|Any CPU
		{2067251A-D8FF-8933-5994-A9AB303563BE}.Debug|Any CPU.ActiveCfg = Debug|Any CPU
		{2067251A-D8FF-8933-5994-A9AB303563BE}.Debug|Any CPU.Build.0 = Debug|Any CPU
		{2067251A-D8FF-8933-5994-A9AB303563BE}.Release|Any CPU.ActiveCfg = Release|Any CPU
		{2067251A-D8FF-8933-5994-A9AB303563BE}.Release|Any CPU.Build.0 = Release|Any CPU
	EndGlobalSection
	GlobalSection(SolutionProperties) = preSolution
		HideSolutionNode = FALSE
	EndGlobalSection
EndGlobal
